
Microsoft Visual Studio Solution File, Format Version 12.00
# Visual Studio 15
VisualStudioVersion = 15.0.27130.2020
MinimumVisualStudioVersion = 10.0.40219.1
Project("{9A19103F-16F7-4668-BE54-9A1E7A4F7556}") = "CommandLine.Core.Hosting", "CommandLine.Core.Hosting\CommandLine.Core.Hosting.csproj", "{B54B3781-6318-4311-A64D-DF51A8940F22}"
EndProject
Project("{9A19103F-16F7-4668-BE54-9A1E7A4F7556}") = "CommandLine.Core.CommandLineUtils", "CommandLine.Core.CommandLineUtils\CommandLine.Core.CommandLineUtils.csproj", "{0AA490BD-7B6A-4086-A115-0C6A83C602A9}"
EndProject
Project("{2150E333-8FDC-42A3-9474-1A3956D46DE8}") = "Solution Items", "Solution Items", "{1DB2D1F3-4C1A-4AB0-8D59-7A14AA032772}"
	ProjectSection(SolutionItems) = preProject
		..\.gitignore = ..\.gitignore
		..\appveyor.yml = ..\appveyor.yml
		..\LICENSE = ..\LICENSE
		..\README.md = ..\README.md
	EndProjectSection
EndProject
Project("{9A19103F-16F7-4668-BE54-9A1E7A4F7556}") = "CommandLine.Core.Hosting.Abstractions", "CommandLine.Core.Hosting.Abstractions\CommandLine.Core.Hosting.Abstractions.csproj", "{ADE44A8F-364A-4010-8096-B5D29BCB2492}"
EndProject
Global
	GlobalSection(SolutionConfigurationPlatforms) = preSolution
		Debug|Any CPU = Debug|Any CPU
		Release|Any CPU = Release|Any CPU
	EndGlobalSection
	GlobalSection(ProjectConfigurationPlatforms) = postSolution
		{B54B3781-6318-4311-A64D-DF51A8940F22}.Debug|Any CPU.ActiveCfg = Debug|Any CPU
		{B54B3781-6318-4311-A64D-DF51A8940F22}.Debug|Any CPU.Build.0 = Debug|Any CPU
		{B54B3781-6318-4311-A64D-DF51A8940F22}.Release|Any CPU.ActiveCfg = Release|Any CPU
		{B54B3781-6318-4311-A64D-DF51A8940F22}.Release|Any CPU.Build.0 = Release|Any CPU
		{0AA490BD-7B6A-4086-A115-0C6A83C602A9}.Debug|Any CPU.ActiveCfg = Debug|Any CPU
		{0AA490BD-7B6A-4086-A115-0C6A83C602A9}.Debug|Any CPU.Build.0 = Debug|Any CPU
		{0AA490BD-7B6A-4086-A115-0C6A83C602A9}.Release|Any CPU.ActiveCfg = Release|Any CPU
		{0AA490BD-7B6A-4086-A115-0C6A83C602A9}.Release|Any CPU.Build.0 = Release|Any CPU
		{ADE44A8F-364A-4010-8096-B5D29BCB2492}.Debug|Any CPU.ActiveCfg = Debug|Any CPU
		{ADE44A8F-364A-4010-8096-B5D29BCB2492}.Debug|Any CPU.Build.0 = Debug|Any CPU
		{ADE44A8F-364A-4010-8096-B5D29BCB2492}.Release|Any CPU.ActiveCfg = Release|Any CPU
		{ADE44A8F-364A-4010-8096-B5D29BCB2492}.Release|Any CPU.Build.0 = Release|Any CPU
	EndGlobalSection
	GlobalSection(SolutionProperties) = preSolution
		HideSolutionNode = FALSE
	EndGlobalSection
	GlobalSection(ExtensibilityGlobals) = postSolution
		SolutionGuid = {093E204E-E77A-4FE5-AA13-83F0AE2E2971}
	EndGlobalSection
EndGlobal
